// !$*UTF8*$!
{
	archiveVersion = 1;
	classes = {
	};
	objectVersion = 46;
	objects = {

/* Begin PBXBuildFile section */
		B0727C1A1DB1A7D900393B66 /* AppDelegate.swift in Sources */ = {isa = PBXBuildFile; fileRef = B0727C191DB1A7D900393B66 /* AppDelegate.swift */; };
		B0727C1C1DB1A7D900393B66 /* ViewController.swift in Sources */ = {isa = PBXBuildFile; fileRef = B0727C1B1DB1A7D900393B66 /* ViewController.swift */; };
		B0727C1F1DB1A7D900393B66 /* Main.storyboard in Resources */ = {isa = PBXBuildFile; fileRef = B0727C1D1DB1A7D900393B66 /* Main.storyboard */; };
		B0727C211DB1A7D900393B66 /* Assets.xcassets in Resources */ = {isa = PBXBuildFile; fileRef = B0727C201DB1A7D900393B66 /* Assets.xcassets */; };
		B0727C241DB1A7D900393B66 /* LaunchScreen.storyboard in Resources */ = {isa = PBXBuildFile; fileRef = B0727C221DB1A7D900393B66 /* LaunchScreen.storyboard */; };
		B0727C2D1DB3D36800393B66 /* CoreLocation.framework in Frameworks */ = {isa = PBXBuildFile; fileRef = B0727C2C1DB3D36800393B66 /* CoreLocation.framework */; };
		B0727C2F1DB3D36F00393B66 /* MapKit.framework in Frameworks */ = {isa = PBXBuildFile; fileRef = B0727C2E1DB3D36F00393B66 /* MapKit.framework */; };
/* End PBXBuildFile section */

/* Begin PBXFileReference section */
		B0727C161DB1A7D900393B66 /* Maps Tutorial.app */ = {isa = PBXFileReference; explicitFileType = wrapper.application; includeInIndex = 0; path = "Maps Tutorial.app"; sourceTree = BUILT_PRODUCTS_DIR; };
		B0727C191DB1A7D900393B66 /* AppDelegate.swift */ = {isa = PBXFileReference; lastKnownFileType = sourcecode.swift; path = AppDelegate.swift; sourceTree = "<group>"; };
		B0727C1B1DB1A7D900393B66 /* ViewController.swift */ = {isa = PBXFileReference; lastKnownFileType = sourcecode.swift; path = ViewController.swift; sourceTree = "<group>"; };
		B0727C1E1DB1A7D900393B66 /* Base */ = {isa = PBXFileReference; lastKnownFileType = file.storyboard; name = Base; path = Base.lproj/Main.storyboard; sourceTree = "<group>"; };
		B0727C201DB1A7D900393B66 /* Assets.xcassets */ = {isa = PBXFileReference; lastKnownFileType = folder.assetcatalog; path = Assets.xcassets; sourceTree = "<group>"; };
		B0727C231DB1A7D900393B66 /* Base */ = {isa = PBXFileReference; lastKnownFileType = file.storyboard; name = Base; path = Base.lproj/LaunchScreen.storyboard; sourceTree = "<group>"; };
		B0727C251DB1A7D900393B66 /* Info.plist */ = {isa = PBXFileReference; lastKnownFileType = text.plist.xml; path = Info.plist; sourceTree = "<group>"; };
		B0727C2C1DB3D36800393B66 /* CoreLocation.framework */ = {isa = PBXFileReference; lastKnownFileType = wrapper.framework; name = CoreLocation.framework; path = System/Library/Frameworks/CoreLocation.framework; sourceTree = SDKROOT; };
		B0727C2E1DB3D36F00393B66 /* MapKit.framework */ = {isa = PBXFileReference; lastKnownFileType = wrapper.framework; name = MapKit.framework; path = System/Library/Frameworks/MapKit.framework; sourceTree = SDKROOT; };
/* End PBXFileReference section */

/* Begin PBXFrameworksBuildPhase section */
		B0727C131DB1A7D800393B66 /* Frameworks */ = {
			isa = PBXFrameworksBuildPhase;
			buildActionMask = 2147483647;
			files = (
				B0727C2F1DB3D36F00393B66 /* MapKit.framework in Frameworks */,
				B0727C2D1DB3D36800393B66 /* CoreLocation.framework in Frameworks */,
			);
			runOnlyForDeploymentPostprocessing = 0;
		};
/* End PBXFrameworksBuildPhase section */

/* Begin PBXGroup section */
		B0727C0D1DB1A7D800393B66 = {
			isa = PBXGroup;
			children = (
				B0727C181DB1A7D900393B66 /* Maps Tutorial */,
				B0727C171DB1A7D900393B66 /* Products */,
				B0727C2B1DB3D36800393B66 /* Frameworks */,
			);
			sourceTree = "<group>";
		};
		B0727C171DB1A7D900393B66 /* Products */ = {
			isa = PBXGroup;
			children = (
				B0727C161DB1A7D900393B66 /* Maps Tutorial.app */,
			);
			name = Products;
			sourceTree = "<group>";
		};
		B0727C181DB1A7D900393B66 /* Maps Tutorial */ = {
			isa = PBXGroup;
			children = (
				B0727C191DB1A7D900393B66 /* AppDelegate.swift */,
				B0727C1B1DB1A7D900393B66 /* ViewController.swift */,
				B0727C1D1DB1A7D900393B66 /* Main.storyboard */,
				B0727C201DB1A7D900393B66 /* Assets.xcassets */,
				B0727C221DB1A7D900393B66 /* LaunchScreen.storyboard */,
				B0727C251DB1A7D900393B66 /* Info.plist */,
			);
			path = "Maps Tutorial";
			sourceTree = "<group>";
		};
		B0727C2B1DB3D36800393B66 /* Frameworks */ = {
			isa = PBXGroup;
			children = (
				B0727C2E1DB3D36F00393B66 /* MapKit.framework */,
				B0727C2C1DB3D36800393B66 /* CoreLocation.framework */,
			);
			name = Frameworks;
			sourceTree = "<group>";
		};
/* End PBXGroup section */

/* Begin PBXNativeTarget section */
		B0727C151DB1A7D800393B66 /* Maps Tutorial */ = {
			isa = PBXNativeTarget;
			buildConfigurationList = B0727C281DB1A7D900393B66 /* Build configuration list for PBXNativeTarget "Maps Tutorial" */;
			buildPhases = (
				B0727C121DB1A7D800393B66 /* Sources */,
				B0727C131DB1A7D800393B66 /* Frameworks */,
				B0727C141DB1A7D800393B66 /* Resources */,
			);
			buildRules = (
			);
			dependencies = (
			);
			name = "Maps Tutorial";
			productName = "Maps Tutorial";
			productReference = B0727C161DB1A7D900393B66 /* Maps Tutorial.app */;
			productType = "com.apple.product-type.application";
		};
/* End PBXNativeTarget section */

/* Begin PBXProject section */
		B0727C0E1DB1A7D800393B66 /* Project object */ = {
			isa = PBXProject;
			attributes = {
				LastSwiftUpdateCheck = 0800;
				LastUpgradeCheck = 0800;
				ORGANIZATIONNAME = "programming-xcode";
				TargetAttributes = {
					B0727C151DB1A7D800393B66 = {
						CreatedOnToolsVersion = 8.0;
						DevelopmentTeam = DEGR2UEJK4;
						ProvisioningStyle = Automatic;
					};
				};
			};
			buildConfigurationList = B0727C111DB1A7D800393B66 /* Build configuration list for PBXProject "Maps Tutorial" */;
			compatibilityVersion = "Xcode 3.2";
			developmentRegion = English;
			hasScannedForEncodings = 0;
			knownRegions = (
				en,
				Base,
			);
			mainGroup = B0727C0D1DB1A7D800393B66;
			productRefGroup = B0727C171DB1A7D900393B66 /* Products */;
			projectDirPath = "";
			projectRoot = "";
			targets = (
				B0727C151DB1A7D800393B66 /* Maps Tutorial */,
			);
		};
/* End PBXProject section */

/* Begin PBXResourcesBuildPhase section */
		B0727C141DB1A7D800393B66 /* Resources */ = {
			isa = PBXResourcesBuildPhase;
			buildActionMask = 2147483647;
			files = (
				B0727C241DB1A7D900393B66 /* LaunchScreen.storyboard in Resources */,
				B0727C211DB1A7D900393B66 /* Assets.xcassets in Resources */,
				B0727C1F1DB1A7D900393B66 /* Main.storyboard in Resources */,
			);
			runOnlyForDeploymentPostprocessing = 0;
		};
/* End PBXResourcesBuildPhase section */

/* Begin PBXSourcesBuildPhase section */
		B0727C121DB1A7D800393B66 /* Sources */ = {
			isa = PBXSourcesBuildPhase;
			buildActionMask = 2147483647;
			files = (
				B0727C1C1DB1A7D900393B66 /* ViewController.swift in Sources */,
				B0727C1A1DB1A7D900393B66 /* AppDelegate.swift in Sources */,
			);
			runOnlyForDeploymentPostprocessing = 0;
		};
/* End PBXSourcesBuildPhase section */

/* Begin PBXVariantGroup section */
		B0727C1D1DB1A7D900393B66 /* Main.storyboard */ = {
			isa = PBXVariantGroup;
			children = (
				B0727C1E1DB1A7D900393B66 /* Base */,
			);
			name = Main.storyboard;
			sourceTree = "<group>";
		};
		B0727C221DB1A7D900393B66 /* LaunchScreen.storyboard */ = {
			isa = PBXVariantGroup;
			children = (
				B0727C231DB1A7D900393B66 /* Base */,
			);
			name = LaunchScreen.storyboard;
			sourceTree = "<group>";
		};
/* End PBXVariantGroup section */

/* Begin XCBuildConfiguration section */
		B0727C261DB1A7D900393B66 /* Debug */ = {
			isa = XCBuildConfiguration;
			buildSettings = {
				ALWAYS_SEARCH_USER_PATHS = NO;
				CLANG_ANALYZER_NONNULL = YES;
				CLANG_CXX_LANGUAGE_STANDARD = "gnu++0x";
				CLANG_CXX_LIBRARY = "libc++";
				CLANG_ENABLE_MODULES = YES;
				CLANG_ENABLE_OBJC_ARC = YES;
				CLANG_WARN_BOOL_CONVERSION = YES;
				CLANG_WARN_CONSTANT_CONVERSION = YES;
				CLANG_WARN_DIRECT_OBJC_ISA_USAGE = YES_ERROR;
				CLANG_WARN_DOCUMENTATION_COMMENTS = YES;
				CLANG_WARN_EMPTY_BODY = YES;
				CLANG_WARN_ENUM_CONVERSION = YES;
				CLANG_WARN_INFINITE_RECURSION = YES;
				CLANG_WARN_INT_CONVERSION = YES;
				CLANG_WARN_OBJC_ROOT_CLASS = YES_ERROR;
				CLANG_WARN_SUSPICIOUS_MOVES = YES;
				CLANG_WARN_UNREACHABLE_CODE = YES;
				CLANG_WARN__DUPLICATE_METHOD_MATCH = YES;
				"CODE_SIGN_IDENTITY[sdk=iphoneos*]" = "iPhone Developer";
				COPY_PHASE_STRIP = NO;
				DEBUG_INFORMATION_FORMAT = dwarf;
				ENABLE_STRICT_OBJC_MSGSEND = YES;
				ENABLE_TESTABILITY = YES;
				GCC_C_LANGUAGE_STANDARD = gnu99;
				GCC_DYNAMIC_NO_PIC = NO;
				GCC_NO_COMMON_BLOCKS = YES;
				GCC_OPTIMIZATION_LEVEL = 0;
				GCC_PREPROCESSOR_DEFINITIONS = (
					"DEBUG=1",
					"$(inherited)",
				);
				GCC_WARN_64_TO_32_BIT_CONVERSION = YES;
				GCC_WARN_ABOUT_RETURN_TYPE = YES_ERROR;
				GCC_WARN_UNDECLARED_SELECTOR = YES;
				GCC_WARN_UNINITIALIZED_AUTOS = YES_AGGRESSIVE;
				GCC_WARN_UNUSED_FUNCTION = YES;
				GCC_WARN_UNUSED_VARIABLE = YES;
				IPHONEOS_DEPLOYMENT_TARGET = 10.0;
				MTL_ENABLE_DEBUG_INFO = YES;
				ONLY_ACTIVE_ARCH = YES;
				SDKROOT = iphoneos;
				SWIFT_ACTIVE_COMPILATION_CONDITIONS = DEBUG;
				SWIFT_OPTIMIZATION_LEVEL = "-Onone";
			};
			name = Debug;
		};
		B0727C271DB1A7D900393B66 /* Release */ = {
			isa = XCBuildConfiguration;
			buildSettings = {
				ALWAYS_SEARCH_USER_PATHS = NO;
				CLANG_ANALYZER_NONNULL = YES;
				CLANG_CXX_LANGUAGE_STANDARD = "gnu++0x";
				CLANG_CXX_LIBRARY = "libc++";
				CLANG_ENABLE_MODULES = YES;
				CLANG_ENABLE_OBJC_ARC = YES;
				CLANG_WARN_BOOL_CONVERSION = YES;
				CLANG_WARN_CONSTANT_CONVERSION = YES;
				CLANG_WARN_DIRECT_OBJC_ISA_USAGE = YES_ERROR;
				CLANG_WARN_DOCUMENTATION_COMMENTS = YES;
				CLANG_WARN_EMPTY_BODY = YES;
				CLANG_WARN_ENUM_CONVERSION = YES;
				CLANG_WARN_INFINITE_RECURSION = YES;
				CLANG_WARN_INT_CONVERSION = YES;
				CLANG_WARN_OBJC_ROOT_CLASS = YES_ERROR;
				CLANG_WARN_SUSPICIOUS_MOVES = YES;
				CLANG_WARN_UNREACHABLE_CODE = YES;
				CLANG_WARN__DUPLICATE_METHOD_MATCH = YES;
				"CODE_SIGN_IDENTITY[sdk=iphoneos*]" = "iPhone Developer";
				COPY_PHASE_STRIP = NO;
				DEBUG_INFORMATION_FORMAT = "dwarf-with-dsym";
				ENABLE_NS_ASSERTIONS = NO;
				ENABLE_STRICT_OBJC_MSGSEND = YES;
				GCC_C_LANGUAGE_STANDARD = gnu99;
				GCC_NO_COMMON_BLOCKS = YES;
				GCC_WARN_64_TO_32_BIT_CONVERSION = YES;
				GCC_WARN_ABOUT_RETURN_TYPE = YES_ERROR;
				GCC_WARN_UNDECLARED_SELECTOR = YES;
				GCC_WARN_UNINITIALIZED_AUTOS = YES_AGGRESSIVE;
				GCC_WARN_UNUSED_FUNCTION = YES;
				GCC_WARN_UNUSED_VARIABLE = YES;
				IPHONEOS_DEPLOYMENT_TARGET = 10.0;
				MTL_ENABLE_DEBUG_INFO = NO;
				SDKROOT = iphoneos;
				SWIFT_OPTIMIZATION_LEVEL = "-Owholemodule";
				VALIDATE_PRODUCT = YES;
			};
			name = Release;
		};
		B0727C291DB1A7D900393B66 /* Debug */ = {
			isa = XCBuildConfiguration;
			buildSettings = {
				ASSETCATALOG_COMPILER_APPICON_NAME = AppIcon;
				DEVELOPMENT_TEAM = DEGR2UEJK4;
				INFOPLIST_FILE = "Maps Tutorial/Info.plist";
				LD_RUNPATH_SEARCH_PATHS = "$(inherited) @executable_path/Frameworks";
				PRODUCT_BUNDLE_IDENTIFIER = "com.JeffreyHuang.Maps-Tutorial";
				PRODUCT_NAME = "$(TARGET_NAME)";
				SWIFT_VERSION = 3.0;
			};
			name = Debug;
		};
		B0727C2A1DB1A7D900393B66 /* Release */ = {
			isa = XCBuildConfiguration;
			buildSettings = {
				ASSETCATALOG_COMPILER_APPICON_NAME = AppIcon;
				DEVELOPMENT_TEAM = DEGR2UEJK4;
				INFOPLIST_FILE = "Maps Tutorial/Info.plist";
				LD_RUNPATH_SEARCH_PATHS = "$(inherited) @executable_path/Frameworks";
				PRODUCT_BUNDLE_IDENTIFIER = "com.JeffreyHuang.Maps-Tutorial";
				PRODUCT_NAME = "$(TARGET_NAME)";
				SWIFT_VERSION = 3.0;
			};
			name = Release;
		};
/* End XCBuildConfiguration section */

/* Begin XCConfigurationList section */
		B0727C111DB1A7D800393B66 /* Build configuration list for PBXProject "Maps Tutorial" */ = {
			isa = XCConfigurationList;
			buildConfigurations = (
				B0727C261DB1A7D900393B66 /* Debug */,
				B0727C271DB1A7D900393B66 /* Release */,
			);
			defaultConfigurationIsVisible = 0;
			defaultConfigurationName = Release;
		};
		B0727C281DB1A7D900393B66 /* Build configuration list for PBXNativeTarget "Maps Tutorial" */ = {
			isa = XCConfigurationList;
			buildConfigurations = (
				B0727C291DB1A7D900393B66 /* Debug */,
				B0727C2A1DB1A7D900393B66 /* Release */,
			);
			defaultConfigurationIsVisible = 0;
		};
/* End XCConfigurationList section */
	};
	rootObject = B0727C0E1DB1A7D800393B66 /* Project object */;
}
